
Microsoft Visual Studio Solution File, Format Version 12.00
# Visual Studio Version 17
VisualStudioVersion = 17.14.36518.9 d17.14
MinimumVisualStudioVersion = 10.0.40219.1
Project("{FAE04EC0-301F-11D3-BF4B-00C04F79EFBC}") = "DSA Deep Dive C#", "DSA Deep Dive C#.csproj", "{77D056EE-229A-4BFC-8E85-41EA241764D3}"
EndProject
Global
	GlobalSection(SolutionConfigurationPlatforms) = preSolution
		Debug|Any CPU = Debug|Any CPU
		Release|Any CPU = Release|Any CPU
	EndGlobalSection
	GlobalSection(ProjectConfigurationPlatforms) = postSolution
		{77D056EE-229A-4BFC-8E85-41EA241764D3}.Debug|Any CPU.ActiveCfg = Debug|Any CPU
		{77D056EE-229A-4BFC-8E85-41EA241764D3}.Debug|Any CPU.Build.0 = Debug|Any CPU
		{77D056EE-229A-4BFC-8E85-41EA241764D3}.Release|Any CPU.ActiveCfg = Release|Any CPU
		{77D056EE-229A-4BFC-8E85-41EA241764D3}.Release|Any CPU.Build.0 = Release|Any CPU
	EndGlobalSection
	GlobalSection(SolutionProperties) = preSolution
		HideSolutionNode = FALSE
	EndGlobalSection
	GlobalSection(ExtensibilityGlobals) = postSolution
		SolutionGuid = {F6E7B6E4-032D-4B1E-88B1-598D1838D22B}
	EndGlobalSection
EndGlobal
